
Microsoft Visual Studio Solution File, Format Version 12.00
# Visual Studio Version 16
VisualStudioVersion = 16.0.31321.278
MinimumVisualStudioVersion = 10.0.40219.1
Project("{2150E333-8FDC-42A3-9474-1A3956D46DE8}") = "src", "src", "{07259914-3B86-4C19-B2FD-53BFB731A819}"
EndProject
Project("{2150E333-8FDC-42A3-9474-1A3956D46DE8}") = "tests", "tests", "{E8DBD788-6C2C-4E85-8EDB-74C1586DEF3D}"
EndProject
Project("{FAE04EC0-301F-11D3-BF4B-00C04F79EFBC}") = "HolidayOptimizer.API", "src\HolidayOptimizer.API\HolidayOptimizer.API.csproj", "{1384EB1E-A618-422A-A62E-681F71D8A56C}"
EndProject
Project("{FAE04EC0-301F-11D3-BF4B-00C04F79EFBC}") = "HolidayOptimizer.Tests", "tests\HolidayOptimizer.Tests\HolidayOptimizer.Tests.csproj", "{532459DA-4D01-4959-85F1-DBA7F98E58D3}"
EndProject
Global
	GlobalSection(SolutionConfigurationPlatforms) = preSolution
		Debug|Any CPU = Debug|Any CPU
		Release|Any CPU = Release|Any CPU
	EndGlobalSection
	GlobalSection(ProjectConfigurationPlatforms) = postSolution
		{1384EB1E-A618-422A-A62E-681F71D8A56C}.Debug|Any CPU.ActiveCfg = Debug|Any CPU
		{1384EB1E-A618-422A-A62E-681F71D8A56C}.Debug|Any CPU.Build.0 = Debug|Any CPU
		{1384EB1E-A618-422A-A62E-681F71D8A56C}.Release|Any CPU.ActiveCfg = Release|Any CPU
		{1384EB1E-A618-422A-A62E-681F71D8A56C}.Release|Any CPU.Build.0 = Release|Any CPU
		{532459DA-4D01-4959-85F1-DBA7F98E58D3}.Debug|Any CPU.ActiveCfg = Debug|Any CPU
		{532459DA-4D01-4959-85F1-DBA7F98E58D3}.Debug|Any CPU.Build.0 = Debug|Any CPU
		{532459DA-4D01-4959-85F1-DBA7F98E58D3}.Release|Any CPU.ActiveCfg = Release|Any CPU
		{532459DA-4D01-4959-85F1-DBA7F98E58D3}.Release|Any CPU.Build.0 = Release|Any CPU
	EndGlobalSection
	GlobalSection(SolutionProperties) = preSolution
		HideSolutionNode = FALSE
	EndGlobalSection
	GlobalSection(NestedProjects) = preSolution
		{1384EB1E-A618-422A-A62E-681F71D8A56C} = {07259914-3B86-4C19-B2FD-53BFB731A819}
		{532459DA-4D01-4959-85F1-DBA7F98E58D3} = {E8DBD788-6C2C-4E85-8EDB-74C1586DEF3D}
	EndGlobalSection
	GlobalSection(ExtensibilityGlobals) = postSolution
		SolutionGuid = {9E68CA17-DF8B-494C-A779-23E5913BD695}
	EndGlobalSection
EndGlobal
